
Microsoft Visual Studio Solution File, Format Version 12.00
# Visual Studio Version 17
VisualStudioVersion = 17.2.32516.85
MinimumVisualStudioVersion = 10.0.40219.1
Project("{8BC9CEB8-8B4A-11D0-8D11-00A0C91BC942}") = "WS_06", "WS_06.vcxproj", "{06A806ED-383E-4B5E-901D-CCF3C8E31590}"
EndProject
Global
	GlobalSection(SolutionConfigurationPlatforms) = preSolution
		Debug|x64 = Debug|x64
		Debug|x86 = Debug|x86
		Release|x64 = Release|x64
		Release|x86 = Release|x86
	EndGlobalSection
	GlobalSection(ProjectConfigurationPlatforms) = postSolution
		{06A806ED-383E-4B5E-901D-CCF3C8E31590}.Debug|x64.ActiveCfg = Debug|x64
		{06A806ED-383E-4B5E-901D-CCF3C8E31590}.Debug|x64.Build.0 = Debug|x64
		{06A806ED-383E-4B5E-901D-CCF3C8E31590}.Debug|x86.ActiveCfg = Debug|Win32
		{06A806ED-383E-4B5E-901D-CCF3C8E31590}.Debug|x86.Build.0 = Debug|Win32
		{06A806ED-383E-4B5E-901D-CCF3C8E31590}.Release|x64.ActiveCfg = Release|x64
		{06A806ED-383E-4B5E-901D-CCF3C8E31590}.Release|x64.Build.0 = Release|x64
		{06A806ED-383E-4B5E-901D-CCF3C8E31590}.Release|x86.ActiveCfg = Release|Win32
		{06A806ED-383E-4B5E-901D-CCF3C8E31590}.Release|x86.Build.0 = Release|Win32
	EndGlobalSection
	GlobalSection(SolutionProperties) = preSolution
		HideSolutionNode = FALSE
	EndGlobalSection
	GlobalSection(ExtensibilityGlobals) = postSolution
		SolutionGuid = {86566DDB-1B78-46AC-8BA9-9356F055924C}
	EndGlobalSection
EndGlobal
